{
  "lockfile_version": "1",
  "packages": {
    "github:NixOS/nixpkgs/nixpkgs-unstable": {
      "resolved": "github:NixOS/nixpkgs/507b63021ada5fee621b6ca371c4fca9ca46f52c?lastModified=1745377448&narHash=sha256-jhZDfXVKdD7TSEGgzFJQvEEZ2K65UMiqW5YJ2aIqxMA%3D"
    },
    "just@latest": {
      "last_modified": "2025-04-05T00:48:53Z",
      "resolved": "github:NixOS/nixpkgs/250b695f41e0e2f5afbf15c6b12480de1fe0001b#just",
      "source": "devbox-search",
      "version": "1.40.0",
      "systems": {
        "aarch64-darwin": {
          "outputs": [
            {
              "name": "out",
              "path": "/nix/store/wfm17v4bc2l8qd849wp0a9s7armdkm71-just-1.40.0",
              "default": true
            },
            {
              "name": "man",
              "path": "/nix/store/sv87amv0420lqr9hd4xg2hx9mp4lnajc-just-1.40.0-man",
              "default": true
            },
            {
              "name": "doc",
              "path": "/nix/store/1gkfr98ad4z5p7hbm8afy2g2cha8461c-just-1.40.0-doc"
            }
          ],
          "store_path": "/nix/store/wfm17v4bc2l8qd849wp0a9s7armdkm71-just-1.40.0"
        },
        "aarch64-linux": {
          "outputs": [
            {
              "name": "out",
              "path": "/nix/store/szq234z9fs95jmw9lgx9z7arp0kj2har-just-1.40.0",
              "default": true
            },
            {
              "name": "man",
              "path": "/nix/store/4y85j25ammy6n7bak476abyz9pmss4s2-just-1.40.0-man",
              "default": true
            },
            {
              "name": "doc",
              "path": "/nix/store/4mmxx7gj51w8yl3vk6bwif6b97l1ywps-just-1.40.0-doc"
            }
          ],
          "store_path": "/nix/store/szq234z9fs95jmw9lgx9z7arp0kj2har-just-1.40.0"
        },
        "x86_64-darwin": {
          "outputs": [
            {
              "name": "out",
              "path": "/nix/store/9224477pfqcwljayr91d8xjp7bg72wdb-just-1.40.0",
              "default": true
            },
            {
              "name": "man",
              "path": "/nix/store/krhp0yy3i73v5wabhj69mcrh863s1xrh-just-1.40.0-man",
              "default": true
            },
            {
              "name": "doc",
              "path": "/nix/store/dl41yapm6jl5fx1pzk6zx1c461hvf6sx-just-1.40.0-doc"
            }
          ],
          "store_path": "/nix/store/9224477pfqcwljayr91d8xjp7bg72wdb-just-1.40.0"
        },
        "x86_64-linux": {
          "outputs": [
            {
              "name": "out",
              "path": "/nix/store/h66bwgjajc4l7rasrk4pmsijaidk3pb8-just-1.40.0",
              "default": true
            },
            {
              "name": "man",
              "path": "/nix/store/mz1lccsaxnxhdlzdm8y6l4vwxb78v5fc-just-1.40.0-man",
              "default": true
            },
            {
              "name": "doc",
              "path": "/nix/store/mh4x9xcb1zhs09qjn38bgbgf0jjkyn0z-just-1.40.0-doc"
            }
          ],
          "store_path": "/nix/store/h66bwgjajc4l7rasrk4pmsijaidk3pb8-just-1.40.0"
        }
      }
    },
    "nodejs@latest": {
      "last_modified": "2025-04-02T13:00:31Z",
      "plugin_version": "0.0.2",
      "resolved": "github:NixOS/nixpkgs/384d1adab77a8d49172a3acc1d5c2f26d013a69a#nodejs_23",
      "source": "devbox-search",
      "version": "23.11.0",
      "systems": {
        "aarch64-darwin": {
          "outputs": [
            {
              "name": "out",
              "path": "/nix/store/7z52lrjdf95sxdv5gmf1lkd6jkmbrk56-nodejs-23.11.0",
              "default": true
            },
            {
              "name": "libv8",
              "path": "/nix/store/0ksknzxczr0kzbz6swnw9ib84hgi77s8-nodejs-23.11.0-libv8"
            }
          ],
          "store_path": "/nix/store/7z52lrjdf95sxdv5gmf1lkd6jkmbrk56-nodejs-23.11.0"
        },
        "aarch64-linux": {
          "outputs": [
            {
              "name": "out",
              "path": "/nix/store/yjnnd52kllrr7ydnz7ixw950fbgv014q-nodejs-23.11.0",
              "default": true
            },
            {
              "name": "libv8",
              "path": "/nix/store/4i48prhfrkr2wbs06vs5g2aaicncpsfx-nodejs-23.11.0-libv8"
            }
          ],
          "store_path": "/nix/store/yjnnd52kllrr7ydnz7ixw950fbgv014q-nodejs-23.11.0"
        },
        "x86_64-darwin": {
          "outputs": [
            {
              "name": "out",
              "path": "/nix/store/m2wfafc3wszhrl6ymyjjjw2b20a0xbx3-nodejs-23.11.0",
              "default": true
            },
            {
              "name": "libv8",
              "path": "/nix/store/5f0jci5bwflnxp2ysfisv5xwxis7wa45-nodejs-23.11.0-libv8"
            }
          ],
          "store_path": "/nix/store/m2wfafc3wszhrl6ymyjjjw2b20a0xbx3-nodejs-23.11.0"
        },
        "x86_64-linux": {
          "outputs": [
            {
              "name": "out",
              "path": "/nix/store/npy9r2i6v4r277y91vnf40l47gwpsdz4-nodejs-23.11.0",
              "default": true
            },
            {
              "name": "libv8",
              "path": "/nix/store/0shcl7m044cdglpsf9nd61rgfndhx4qm-nodejs-23.11.0-libv8"
            }
          ],
          "store_path": "/nix/store/npy9r2i6v4r277y91vnf40l47gwpsdz4-nodejs-23.11.0"
        }
      }
    },
    "pnpm@latest": {
      "last_modified": "2025-04-08T07:10:31Z",
      "resolved": "github:NixOS/nixpkgs/b2b0718004cc9a5bca610326de0a82e6ea75920b#pnpm",
      "source": "devbox-search",
      "version": "10.8.0",
      "systems": {
        "aarch64-darwin": {
          "outputs": [
            {
              "name": "out",
              "path": "/nix/store/lk5zn7zj9aapazn25l8qag76kmnvdpn3-pnpm-10.8.0",
              "default": true
            }
          ],
          "store_path": "/nix/store/lk5zn7zj9aapazn25l8qag76kmnvdpn3-pnpm-10.8.0"
        },
        "aarch64-linux": {
          "outputs": [
            {
              "name": "out",
              "path": "/nix/store/qqgg823s3vd2hlhiwh92ci1zn0snnlb5-pnpm-10.8.0",
              "default": true
            }
          ],
          "store_path": "/nix/store/qqgg823s3vd2hlhiwh92ci1zn0snnlb5-pnpm-10.8.0"
        },
        "x86_64-darwin": {
          "outputs": [
            {
              "name": "out",
              "path": "/nix/store/yacdhmmyqskcgcwnaxlz60cl4s29g1wb-pnpm-10.8.0",
              "default": true
            }
          ],
          "store_path": "/nix/store/yacdhmmyqskcgcwnaxlz60cl4s29g1wb-pnpm-10.8.0"
        },
        "x86_64-linux": {
          "outputs": [
            {
              "name": "out",
              "path": "/nix/store/kclz9i3vq2fz8nnn947l773a95fj77z3-pnpm-10.8.0",
              "default": true
            }
          ],
          "store_path": "/nix/store/kclz9i3vq2fz8nnn947l773a95fj77z3-pnpm-10.8.0"
        }
      }
    },
    "tailwindcss_4@latest": {
      "last_modified": "2025-04-12T15:53:49Z",
      "resolved": "github:NixOS/nixpkgs/52d0eded529af34e91df6b2a2bc32eb636637cd2#tailwindcss_4",
      "source": "devbox-search",
      "version": "4.1.3",
      "systems": {
        "aarch64-darwin": {
          "outputs": [
            {
              "name": "out",
              "path": "/nix/store/7nak2019dj8inkrwkrbgmj7dkxdzid75-tailwindcss_4-4.1.3",
              "default": true
            }
          ],
          "store_path": "/nix/store/7nak2019dj8inkrwkrbgmj7dkxdzid75-tailwindcss_4-4.1.3"
        },
        "aarch64-linux": {
          "outputs": [
            {
              "name": "out",
              "path": "/nix/store/6rvls49gzw9p6vg59gm5x7jhhmxfyna9-tailwindcss_4-4.1.3",
              "default": true
            }
          ],
          "store_path": "/nix/store/6rvls49gzw9p6vg59gm5x7jhhmxfyna9-tailwindcss_4-4.1.3"
        },
        "x86_64-darwin": {
          "outputs": [
            {
              "name": "out",
              "path": "/nix/store/bx52pa9vzg61bvn8ya5n6gmfgrz7yfzw-tailwindcss_4-4.1.3",
              "default": true
            }
          ],
          "store_path": "/nix/store/bx52pa9vzg61bvn8ya5n6gmfgrz7yfzw-tailwindcss_4-4.1.3"
        },
        "x86_64-linux": {
          "outputs": [
            {
              "name": "out",
              "path": "/nix/store/dlk98alvv884x50cwvbcdcb23y9v0y7c-tailwindcss_4-4.1.3",
              "default": true
            }
          ],
          "store_path": "/nix/store/dlk98alvv884x50cwvbcdcb23y9v0y7c-tailwindcss_4-4.1.3"
        }
      }
    }
  }
}
